// !$*UTF8*$!
{
	archiveVersion = 1;
	classes = {
	};
	objectVersion = 48;
	objects = {

/* Begin PBXBuildFile section */
		847E16F820574C7C004FF6CE /* AppDelegate.swift in Sources */ = {isa = PBXBuildFile; fileRef = 847E16F720574C7C004FF6CE /* AppDelegate.swift */; };
		847E16FA20574C7C004FF6CE /* ViewController.swift in Sources */ = {isa = PBXBuildFile; fileRef = 847E16F920574C7C004FF6CE /* ViewController.swift */; };
		847E16FD20574C7C004FF6CE /* Main.storyboard in Resources */ = {isa = PBXBuildFile; fileRef = 847E16FB20574C7C004FF6CE /* Main.storyboard */; };
		847E16FF20574C7C004FF6CE /* Assets.xcassets in Resources */ = {isa = PBXBuildFile; fileRef = 847E16FE20574C7C004FF6CE /* Assets.xcassets */; };
		847E170220574C7C004FF6CE /* LaunchScreen.storyboard in Resources */ = {isa = PBXBuildFile; fileRef = 847E170020574C7C004FF6CE /* LaunchScreen.storyboard */; };
		847E170D20574C7C004FF6CE /* guessing_gameTests.swift in Sources */ = {isa = PBXBuildFile; fileRef = 847E170C20574C7C004FF6CE /* guessing_gameTests.swift */; };
		847E171820574C7C004FF6CE /* guessing_gameUITests.swift in Sources */ = {isa = PBXBuildFile; fileRef = 847E171720574C7C004FF6CE /* guessing_gameUITests.swift */; };
/* End PBXBuildFile section */

/* Begin PBXContainerItemProxy section */
		847E170920574C7C004FF6CE /* PBXContainerItemProxy */ = {
			isa = PBXContainerItemProxy;
			containerPortal = 847E16EC20574C7C004FF6CE /* Project object */;
			proxyType = 1;
			remoteGlobalIDString = 847E16F320574C7C004FF6CE;
			remoteInfo = "guessing-game";
		};
		847E171420574C7C004FF6CE /* PBXContainerItemProxy */ = {
			isa = PBXContainerItemProxy;
			containerPortal = 847E16EC20574C7C004FF6CE /* Project object */;
			proxyType = 1;
			remoteGlobalIDString = 847E16F320574C7C004FF6CE;
			remoteInfo = "guessing-game";
		};
/* End PBXContainerItemProxy section */

/* Begin PBXFileReference section */
		847E16F420574C7C004FF6CE /* guessing-game.app */ = {isa = PBXFileReference; explicitFileType = wrapper.application; includeInIndex = 0; path = "guessing-game.app"; sourceTree = BUILT_PRODUCTS_DIR; };
		847E16F720574C7C004FF6CE /* AppDelegate.swift */ = {isa = PBXFileReference; lastKnownFileType = sourcecode.swift; path = AppDelegate.swift; sourceTree = "<group>"; };
		847E16F920574C7C004FF6CE /* ViewController.swift */ = {isa = PBXFileReference; lastKnownFileType = sourcecode.swift; path = ViewController.swift; sourceTree = "<group>"; };
		847E16FC20574C7C004FF6CE /* Base */ = {isa = PBXFileReference; lastKnownFileType = file.storyboard; name = Base; path = Base.lproj/Main.storyboard; sourceTree = "<group>"; };
		847E16FE20574C7C004FF6CE /* Assets.xcassets */ = {isa = PBXFileReference; lastKnownFileType = folder.assetcatalog; path = Assets.xcassets; sourceTree = "<group>"; };
		847E170120574C7C004FF6CE /* Base */ = {isa = PBXFileReference; lastKnownFileType = file.storyboard; name = Base; path = Base.lproj/LaunchScreen.storyboard; sourceTree = "<group>"; };
		847E170320574C7C004FF6CE /* Info.plist */ = {isa = PBXFileReference; lastKnownFileType = text.plist.xml; path = Info.plist; sourceTree = "<group>"; };
		847E170820574C7C004FF6CE /* guessing-gameTests.xctest */ = {isa = PBXFileReference; explicitFileType = wrapper.cfbundle; includeInIndex = 0; path = "guessing-gameTests.xctest"; sourceTree = BUILT_PRODUCTS_DIR; };
		847E170C20574C7C004FF6CE /* guessing_gameTests.swift */ = {isa = PBXFileReference; lastKnownFileType = sourcecode.swift; path = guessing_gameTests.swift; sourceTree = "<group>"; };
		847E170E20574C7C004FF6CE /* Info.plist */ = {isa = PBXFileReference; lastKnownFileType = text.plist.xml; path = Info.plist; sourceTree = "<group>"; };
		847E171320574C7C004FF6CE /* guessing-gameUITests.xctest */ = {isa = PBXFileReference; explicitFileType = wrapper.cfbundle; includeInIndex = 0; path = "guessing-gameUITests.xctest"; sourceTree = BUILT_PRODUCTS_DIR; };
		847E171720574C7C004FF6CE /* guessing_gameUITests.swift */ = {isa = PBXFileReference; lastKnownFileType = sourcecode.swift; path = guessing_gameUITests.swift; sourceTree = "<group>"; };
		847E171920574C7C004FF6CE /* Info.plist */ = {isa = PBXFileReference; lastKnownFileType = text.plist.xml; path = Info.plist; sourceTree = "<group>"; };
/* End PBXFileReference section */

/* Begin PBXFrameworksBuildPhase section */
		847E16F120574C7C004FF6CE /* Frameworks */ = {
			isa = PBXFrameworksBuildPhase;
			buildActionMask = 2147483647;
			files = (
			);
			runOnlyForDeploymentPostprocessing = 0;
		};
		847E170520574C7C004FF6CE /* Frameworks */ = {
			isa = PBXFrameworksBuildPhase;
			buildActionMask = 2147483647;
			files = (
			);
			runOnlyForDeploymentPostprocessing = 0;
		};
		847E171020574C7C004FF6CE /* Frameworks */ = {
			isa = PBXFrameworksBuildPhase;
			buildActionMask = 2147483647;
			files = (
			);
			runOnlyForDeploymentPostprocessing = 0;
		};
/* End PBXFrameworksBuildPhase section */

/* Begin PBXGroup section */
		847E16EB20574C7C004FF6CE = {
			isa = PBXGroup;
			children = (
				847E16F620574C7C004FF6CE /* guessing-game */,
				847E170B20574C7C004FF6CE /* guessing-gameTests */,
				847E171620574C7C004FF6CE /* guessing-gameUITests */,
				847E16F520574C7C004FF6CE /* Products */,
			);
			sourceTree = "<group>";
		};
		847E16F520574C7C004FF6CE /* Products */ = {
			isa = PBXGroup;
			children = (
				847E16F420574C7C004FF6CE /* guessing-game.app */,
				847E170820574C7C004FF6CE /* guessing-gameTests.xctest */,
				847E171320574C7C004FF6CE /* guessing-gameUITests.xctest */,
			);
			name = Products;
			sourceTree = "<group>";
		};
		847E16F620574C7C004FF6CE /* guessing-game */ = {
			isa = PBXGroup;
			children = (
				847E16F720574C7C004FF6CE /* AppDelegate.swift */,
				847E16F920574C7C004FF6CE /* ViewController.swift */,
				847E16FB20574C7C004FF6CE /* Main.storyboard */,
				847E16FE20574C7C004FF6CE /* Assets.xcassets */,
				847E170020574C7C004FF6CE /* LaunchScreen.storyboard */,
				847E170320574C7C004FF6CE /* Info.plist */,
			);
			path = "guessing-game";
			sourceTree = "<group>";
		};
		847E170B20574C7C004FF6CE /* guessing-gameTests */ = {
			isa = PBXGroup;
			children = (
				847E170C20574C7C004FF6CE /* guessing_gameTests.swift */,
				847E170E20574C7C004FF6CE /* Info.plist */,
			);
			path = "guessing-gameTests";
			sourceTree = "<group>";
		};
		847E171620574C7C004FF6CE /* guessing-gameUITests */ = {
			isa = PBXGroup;
			children = (
				847E171720574C7C004FF6CE /* guessing_gameUITests.swift */,
				847E171920574C7C004FF6CE /* Info.plist */,
			);
			path = "guessing-gameUITests";
			sourceTree = "<group>";
		};
/* End PBXGroup section */

/* Begin PBXNativeTarget section */
		847E16F320574C7C004FF6CE /* guessing-game */ = {
			isa = PBXNativeTarget;
			buildConfigurationList = 847E171C20574C7C004FF6CE /* Build configuration list for PBXNativeTarget "guessing-game" */;
			buildPhases = (
				847E16F020574C7C004FF6CE /* Sources */,
				847E16F120574C7C004FF6CE /* Frameworks */,
				847E16F220574C7C004FF6CE /* Resources */,
			);
			buildRules = (
			);
			dependencies = (
			);
			name = "guessing-game";
			productName = "guessing-game";
			productReference = 847E16F420574C7C004FF6CE /* guessing-game.app */;
			productType = "com.apple.product-type.application";
		};
		847E170720574C7C004FF6CE /* guessing-gameTests */ = {
			isa = PBXNativeTarget;
			buildConfigurationList = 847E171F20574C7C004FF6CE /* Build configuration list for PBXNativeTarget "guessing-gameTests" */;
			buildPhases = (
				847E170420574C7C004FF6CE /* Sources */,
				847E170520574C7C004FF6CE /* Frameworks */,
				847E170620574C7C004FF6CE /* Resources */,
			);
			buildRules = (
			);
			dependencies = (
				847E170A20574C7C004FF6CE /* PBXTargetDependency */,
			);
			name = "guessing-gameTests";
			productName = "guessing-gameTests";
			productReference = 847E170820574C7C004FF6CE /* guessing-gameTests.xctest */;
			productType = "com.apple.product-type.bundle.unit-test";
		};
		847E171220574C7C004FF6CE /* guessing-gameUITests */ = {
			isa = PBXNativeTarget;
			buildConfigurationList = 847E172220574C7C004FF6CE /* Build configuration list for PBXNativeTarget "guessing-gameUITests" */;
			buildPhases = (
				847E170F20574C7C004FF6CE /* Sources */,
				847E171020574C7C004FF6CE /* Frameworks */,
				847E171120574C7C004FF6CE /* Resources */,
			);
			buildRules = (
			);
			dependencies = (
				847E171520574C7C004FF6CE /* PBXTargetDependency */,
			);
			name = "guessing-gameUITests";
			productName = "guessing-gameUITests";
			productReference = 847E171320574C7C004FF6CE /* guessing-gameUITests.xctest */;
			productType = "com.apple.product-type.bundle.ui-testing";
		};
/* End PBXNativeTarget section */

/* Begin PBXProject section */
		847E16EC20574C7C004FF6CE /* Project object */ = {
			isa = PBXProject;
			attributes = {
				LastSwiftUpdateCheck = 0920;
				LastUpgradeCheck = 0920;
				ORGANIZATIONNAME = "Kim Liu";
				TargetAttributes = {
					847E16F320574C7C004FF6CE = {
						CreatedOnToolsVersion = 9.2;
						ProvisioningStyle = Automatic;
					};
					847E170720574C7C004FF6CE = {
						CreatedOnToolsVersion = 9.2;
						ProvisioningStyle = Automatic;
						TestTargetID = 847E16F320574C7C004FF6CE;
					};
					847E171220574C7C004FF6CE = {
						CreatedOnToolsVersion = 9.2;
						ProvisioningStyle = Automatic;
						TestTargetID = 847E16F320574C7C004FF6CE;
					};
				};
			};
			buildConfigurationList = 847E16EF20574C7C004FF6CE /* Build configuration list for PBXProject "guessing-game" */;
			compatibilityVersion = "Xcode 8.0";
			developmentRegion = en;
			hasScannedForEncodings = 0;
			knownRegions = (
				en,
				Base,
			);
			mainGroup = 847E16EB20574C7C004FF6CE;
			productRefGroup = 847E16F520574C7C004FF6CE /* Products */;
			projectDirPath = "";
			projectRoot = "";
			targets = (
				847E16F320574C7C004FF6CE /* guessing-game */,
				847E170720574C7C004FF6CE /* guessing-gameTests */,
				847E171220574C7C004FF6CE /* guessing-gameUITests */,
			);
		};
/* End PBXProject section */

/* Begin PBXResourcesBuildPhase section */
		847E16F220574C7C004FF6CE /* Resources */ = {
			isa = PBXResourcesBuildPhase;
			buildActionMask = 2147483647;
			files = (
				847E170220574C7C004FF6CE /* LaunchScreen.storyboard in Resources */,
				847E16FF20574C7C004FF6CE /* Assets.xcassets in Resources */,
				847E16FD20574C7C004FF6CE /* Main.storyboard in Resources */,
			);
			runOnlyForDeploymentPostprocessing = 0;
		};
		847E170620574C7C004FF6CE /* Resources */ = {
			isa = PBXResourcesBuildPhase;
			buildActionMask = 2147483647;
			files = (
			);
			runOnlyForDeploymentPostprocessing = 0;
		};
		847E171120574C7C004FF6CE /* Resources */ = {
			isa = PBXResourcesBuildPhase;
			buildActionMask = 2147483647;
			files = (
			);
			runOnlyForDeploymentPostprocessing = 0;
		};
/* End PBXResourcesBuildPhase section */

/* Begin PBXSourcesBuildPhase section */
		847E16F020574C7C004FF6CE /* Sources */ = {
			isa = PBXSourcesBuildPhase;
			buildActionMask = 2147483647;
			files = (
				847E16FA20574C7C004FF6CE /* ViewController.swift in Sources */,
				847E16F820574C7C004FF6CE /* AppDelegate.swift in Sources */,
			);
			runOnlyForDeploymentPostprocessing = 0;
		};
		847E170420574C7C004FF6CE /* Sources */ = {
			isa = PBXSourcesBuildPhase;
			buildActionMask = 2147483647;
			files = (
				847E170D20574C7C004FF6CE /* guessing_gameTests.swift in Sources */,
			);
			runOnlyForDeploymentPostprocessing = 0;
		};
		847E170F20574C7C004FF6CE /* Sources */ = {
			isa = PBXSourcesBuildPhase;
			buildActionMask = 2147483647;
			files = (
				847E171820574C7C004FF6CE /* guessing_gameUITests.swift in Sources */,
			);
			runOnlyForDeploymentPostprocessing = 0;
		};
/* End PBXSourcesBuildPhase section */

/* Begin PBXTargetDependency section */
		847E170A20574C7C004FF6CE /* PBXTargetDependency */ = {
			isa = PBXTargetDependency;
			target = 847E16F320574C7C004FF6CE /* guessing-game */;
			targetProxy = 847E170920574C7C004FF6CE /* PBXContainerItemProxy */;
		};
		847E171520574C7C004FF6CE /* PBXTargetDependency */ = {
			isa = PBXTargetDependency;
			target = 847E16F320574C7C004FF6CE /* guessing-game */;
			targetProxy = 847E171420574C7C004FF6CE /* PBXContainerItemProxy */;
		};
/* End PBXTargetDependency section */

/* Begin PBXVariantGroup section */
		847E16FB20574C7C004FF6CE /* Main.storyboard */ = {
			isa = PBXVariantGroup;
			children = (
				847E16FC20574C7C004FF6CE /* Base */,
			);
			name = Main.storyboard;
			sourceTree = "<group>";
		};
		847E170020574C7C004FF6CE /* LaunchScreen.storyboard */ = {
			isa = PBXVariantGroup;
			children = (
				847E170120574C7C004FF6CE /* Base */,
			);
			name = LaunchScreen.storyboard;
			sourceTree = "<group>";
		};
/* End PBXVariantGroup section */

/* Begin XCBuildConfiguration section */
		847E171A20574C7C004FF6CE /* Debug */ = {
			isa = XCBuildConfiguration;
			buildSettings = {
				ALWAYS_SEARCH_USER_PATHS = NO;
				CLANG_ANALYZER_NONNULL = YES;
				CLANG_ANALYZER_NUMBER_OBJECT_CONVERSION = YES_AGGRESSIVE;
				CLANG_CXX_LANGUAGE_STANDARD = "gnu++14";
				CLANG_CXX_LIBRARY = "libc++";
				CLANG_ENABLE_MODULES = YES;
				CLANG_ENABLE_OBJC_ARC = YES;
				CLANG_WARN_BLOCK_CAPTURE_AUTORELEASING = YES;
				CLANG_WARN_BOOL_CONVERSION = YES;
				CLANG_WARN_COMMA = YES;
				CLANG_WARN_CONSTANT_CONVERSION = YES;
				CLANG_WARN_DIRECT_OBJC_ISA_USAGE = YES_ERROR;
				CLANG_WARN_DOCUMENTATION_COMMENTS = YES;
				CLANG_WARN_EMPTY_BODY = YES;
				CLANG_WARN_ENUM_CONVERSION = YES;
				CLANG_WARN_INFINITE_RECURSION = YES;
				CLANG_WARN_INT_CONVERSION = YES;
				CLANG_WARN_NON_LITERAL_NULL_CONVERSION = YES;
				CLANG_WARN_OBJC_LITERAL_CONVERSION = YES;
				CLANG_WARN_OBJC_ROOT_CLASS = YES_ERROR;
				CLANG_WARN_RANGE_LOOP_ANALYSIS = YES;
				CLANG_WARN_STRICT_PROTOTYPES = YES;
				CLANG_WARN_SUSPICIOUS_MOVE = YES;
				CLANG_WARN_UNGUARDED_AVAILABILITY = YES_AGGRESSIVE;
				CLANG_WARN_UNREACHABLE_CODE = YES;
				CLANG_WARN__DUPLICATE_METHOD_MATCH = YES;
				CODE_SIGN_IDENTITY = "iPhone Developer";
				COPY_PHASE_STRIP = NO;
				DEBUG_INFORMATION_FORMAT = dwarf;
				ENABLE_STRICT_OBJC_MSGSEND = YES;
				ENABLE_TESTABILITY = YES;
				GCC_C_LANGUAGE_STANDARD = gnu11;
				GCC_DYNAMIC_NO_PIC = NO;
				GCC_NO_COMMON_BLOCKS = YES;
				GCC_OPTIMIZATION_LEVEL = 0;
				GCC_PREPROCESSOR_DEFINITIONS = (
					"DEBUG=1",
					"$(inherited)",
				);
				GCC_WARN_64_TO_32_BIT_CONVERSION = YES;
				GCC_WARN_ABOUT_RETURN_TYPE = YES_ERROR;
				GCC_WARN_UNDECLARED_SELECTOR = YES;
				GCC_WARN_UNINITIALIZED_AUTOS = YES_AGGRESSIVE;
				GCC_WARN_UNUSED_FUNCTION = YES;
				GCC_WARN_UNUSED_VARIABLE = YES;
				IPHONEOS_DEPLOYMENT_TARGET = 11.2;
				MTL_ENABLE_DEBUG_INFO = YES;
				ONLY_ACTIVE_ARCH = YES;
				SDKROOT = iphoneos;
				SWIFT_ACTIVE_COMPILATION_CONDITIONS = DEBUG;
				SWIFT_OPTIMIZATION_LEVEL = "-Onone";
			};
			name = Debug;
		};
		847E171B20574C7C004FF6CE /* Release */ = {
			isa = XCBuildConfiguration;
			buildSettings = {
				ALWAYS_SEARCH_USER_PATHS = NO;
				CLANG_ANALYZER_NONNULL = YES;
				CLANG_ANALYZER_NUMBER_OBJECT_CONVERSION = YES_AGGRESSIVE;
				CLANG_CXX_LANGUAGE_STANDARD = "gnu++14";
				CLANG_CXX_LIBRARY = "libc++";
				CLANG_ENABLE_MODULES = YES;
				CLANG_ENABLE_OBJC_ARC = YES;
				CLANG_WARN_BLOCK_CAPTURE_AUTORELEASING = YES;
				CLANG_WARN_BOOL_CONVERSION = YES;
				CLANG_WARN_COMMA = YES;
				CLANG_WARN_CONSTANT_CONVERSION = YES;
				CLANG_WARN_DIRECT_OBJC_ISA_USAGE = YES_ERROR;
				CLANG_WARN_DOCUMENTATION_COMMENTS = YES;
				CLANG_WARN_EMPTY_BODY = YES;
				CLANG_WARN_ENUM_CONVERSION = YES;
				CLANG_WARN_INFINITE_RECURSION = YES;
				CLANG_WARN_INT_CONVERSION = YES;
				CLANG_WARN_NON_LITERAL_NULL_CONVERSION = YES;
				CLANG_WARN_OBJC_LITERAL_CONVERSION = YES;
				CLANG_WARN_OBJC_ROOT_CLASS = YES_ERROR;
				CLANG_WARN_RANGE_LOOP_ANALYSIS = YES;
				CLANG_WARN_STRICT_PROTOTYPES = YES;
				CLANG_WARN_SUSPICIOUS_MOVE = YES;
				CLANG_WARN_UNGUARDED_AVAILABILITY = YES_AGGRESSIVE;
				CLANG_WARN_UNREACHABLE_CODE = YES;
				CLANG_WARN__DUPLICATE_METHOD_MATCH = YES;
				CODE_SIGN_IDENTITY = "iPhone Developer";
				COPY_PHASE_STRIP = NO;
				DEBUG_INFORMATION_FORMAT = "dwarf-with-dsym";
				ENABLE_NS_ASSERTIONS = NO;
				ENABLE_STRICT_OBJC_MSGSEND = YES;
				GCC_C_LANGUAGE_STANDARD = gnu11;
				GCC_NO_COMMON_BLOCKS = YES;
				GCC_WARN_64_TO_32_BIT_CONVERSION = YES;
				GCC_WARN_ABOUT_RETURN_TYPE = YES_ERROR;
				GCC_WARN_UNDECLARED_SELECTOR = YES;
				GCC_WARN_UNINITIALIZED_AUTOS = YES_AGGRESSIVE;
				GCC_WARN_UNUSED_FUNCTION = YES;
				GCC_WARN_UNUSED_VARIABLE = YES;
				IPHONEOS_DEPLOYMENT_TARGET = 11.2;
				MTL_ENABLE_DEBUG_INFO = NO;
				SDKROOT = iphoneos;
				SWIFT_OPTIMIZATION_LEVEL = "-Owholemodule";
				VALIDATE_PRODUCT = YES;
			};
			name = Release;
		};
		847E171D20574C7C004FF6CE /* Debug */ = {
			isa = XCBuildConfiguration;
			buildSettings = {
				ASSETCATALOG_COMPILER_APPICON_NAME = AppIcon;
				CODE_SIGN_STYLE = Automatic;
				INFOPLIST_FILE = "guessing-game/Info.plist";
				LD_RUNPATH_SEARCH_PATHS = "$(inherited) @executable_path/Frameworks";
				PRODUCT_BUNDLE_IDENTIFIER = "com.kl.guessing-game";
				PRODUCT_NAME = "$(TARGET_NAME)";
				SWIFT_VERSION = 4.0;
				TARGETED_DEVICE_FAMILY = "1,2";
			};
			name = Debug;
		};
		847E171E20574C7C004FF6CE /* Release */ = {
			isa = XCBuildConfiguration;
			buildSettings = {
				ASSETCATALOG_COMPILER_APPICON_NAME = AppIcon;
				CODE_SIGN_STYLE = Automatic;
				INFOPLIST_FILE = "guessing-game/Info.plist";
				LD_RUNPATH_SEARCH_PATHS = "$(inherited) @executable_path/Frameworks";
				PRODUCT_BUNDLE_IDENTIFIER = "com.kl.guessing-game";
				PRODUCT_NAME = "$(TARGET_NAME)";
				SWIFT_VERSION = 4.0;
				TARGETED_DEVICE_FAMILY = "1,2";
			};
			name = Release;
		};
		847E172020574C7C004FF6CE /* Debug */ = {
			isa = XCBuildConfiguration;
			buildSettings = {
				ALWAYS_EMBED_SWIFT_STANDARD_LIBRARIES = YES;
				BUNDLE_LOADER = "$(TEST_HOST)";
				CODE_SIGN_STYLE = Automatic;
				INFOPLIST_FILE = "guessing-gameTests/Info.plist";
				LD_RUNPATH_SEARCH_PATHS = "$(inherited) @executable_path/Frameworks @loader_path/Frameworks";
				PRODUCT_BUNDLE_IDENTIFIER = "com.kl.guessing-gameTests";
				PRODUCT_NAME = "$(TARGET_NAME)";
				SWIFT_VERSION = 4.0;
				TARGETED_DEVICE_FAMILY = "1,2";
				TEST_HOST = "$(BUILT_PRODUCTS_DIR)/guessing-game.app/guessing-game";
			};
			name = Debug;
		};
		847E172120574C7C004FF6CE /* Release */ = {
			isa = XCBuildConfiguration;
			buildSettings = {
				ALWAYS_EMBED_SWIFT_STANDARD_LIBRARIES = YES;
				BUNDLE_LOADER = "$(TEST_HOST)";
				CODE_SIGN_STYLE = Automatic;
				INFOPLIST_FILE = "guessing-gameTests/Info.plist";
				LD_RUNPATH_SEARCH_PATHS = "$(inherited) @executable_path/Frameworks @loader_path/Frameworks";
				PRODUCT_BUNDLE_IDENTIFIER = "com.kl.guessing-gameTests";
				PRODUCT_NAME = "$(TARGET_NAME)";
				SWIFT_VERSION = 4.0;
				TARGETED_DEVICE_FAMILY = "1,2";
				TEST_HOST = "$(BUILT_PRODUCTS_DIR)/guessing-game.app/guessing-game";
			};
			name = Release;
		};
		847E172320574C7C004FF6CE /* Debug */ = {
			isa = XCBuildConfiguration;
			buildSettings = {
				ALWAYS_EMBED_SWIFT_STANDARD_LIBRARIES = YES;
				CODE_SIGN_STYLE = Automatic;
				INFOPLIST_FILE = "guessing-gameUITests/Info.plist";
				LD_RUNPATH_SEARCH_PATHS = "$(inherited) @executable_path/Frameworks @loader_path/Frameworks";
				PRODUCT_BUNDLE_IDENTIFIER = "com.kl.guessing-gameUITests";
				PRODUCT_NAME = "$(TARGET_NAME)";
				SWIFT_VERSION = 4.0;
				TARGETED_DEVICE_FAMILY = "1,2";
				TEST_TARGET_NAME = "guessing-game";
			};
			name = Debug;
		};
		847E172420574C7C004FF6CE /* Release */ = {
			isa = XCBuildConfiguration;
			buildSettings = {
				ALWAYS_EMBED_SWIFT_STANDARD_LIBRARIES = YES;
				CODE_SIGN_STYLE = Automatic;
				INFOPLIST_FILE = "guessing-gameUITests/Info.plist";
				LD_RUNPATH_SEARCH_PATHS = "$(inherited) @executable_path/Frameworks @loader_path/Frameworks";
				PRODUCT_BUNDLE_IDENTIFIER = "com.kl.guessing-gameUITests";
				PRODUCT_NAME = "$(TARGET_NAME)";
				SWIFT_VERSION = 4.0;
				TARGETED_DEVICE_FAMILY = "1,2";
				TEST_TARGET_NAME = "guessing-game";
			};
			name = Release;
		};
/* End XCBuildConfiguration section */

/* Begin XCConfigurationList section */
		847E16EF20574C7C004FF6CE /* Build configuration list for PBXProject "guessing-game" */ = {
			isa = XCConfigurationList;
			buildConfigurations = (
				847E171A20574C7C004FF6CE /* Debug */,
				847E171B20574C7C004FF6CE /* Release */,
			);
			defaultConfigurationIsVisible = 0;
			defaultConfigurationName = Release;
		};
		847E171C20574C7C004FF6CE /* Build configuration list for PBXNativeTarget "guessing-game" */ = {
			isa = XCConfigurationList;
			buildConfigurations = (
				847E171D20574C7C004FF6CE /* Debug */,
				847E171E20574C7C004FF6CE /* Release */,
			);
			defaultConfigurationIsVisible = 0;
			defaultConfigurationName = Release;
		};
		847E171F20574C7C004FF6CE /* Build configuration list for PBXNativeTarget "guessing-gameTests" */ = {
			isa = XCConfigurationList;
			buildConfigurations = (
				847E172020574C7C004FF6CE /* Debug */,
				847E172120574C7C004FF6CE /* Release */,
			);
			defaultConfigurationIsVisible = 0;
			defaultConfigurationName = Release;
		};
		847E172220574C7C004FF6CE /* Build configuration list for PBXNativeTarget "guessing-gameUITests" */ = {
			isa = XCConfigurationList;
			buildConfigurations = (
				847E172320574C7C004FF6CE /* Debug */,
				847E172420574C7C004FF6CE /* Release */,
			);
			defaultConfigurationIsVisible = 0;
			defaultConfigurationName = Release;
		};
/* End XCConfigurationList section */
	};
	rootObject = 847E16EC20574C7C004FF6CE /* Project object */;
}
